
Microsoft Visual Studio Solution File, Format Version 12.00
# Visual Studio Version 16
VisualStudioVersion = 16.0.31229.75
MinimumVisualStudioVersion = 10.0.40219.1
Project("{FAE04EC0-301F-11D3-BF4B-00C04F79EFBC}") = "BDDCalculator", "BDDCalculator\BDDCalculator.csproj", "{1CF57D59-B7C9-43DA-AABE-5F536AC77331}"
EndProject
Project("{FAE04EC0-301F-11D3-BF4B-00C04F79EFBC}") = "CalculatorBDDTests", "CalculatorBDDTests\CalculatorBDDTests.csproj", "{361A43DA-613E-4F1B-8D6B-1BE49B9B2CD8}"
EndProject
Global
	GlobalSection(SolutionConfigurationPlatforms) = preSolution
		Debug|Any CPU = Debug|Any CPU
		Release|Any CPU = Release|Any CPU
	EndGlobalSection
	GlobalSection(ProjectConfigurationPlatforms) = postSolution
		{1CF57D59-B7C9-43DA-AABE-5F536AC77331}.Debug|Any CPU.ActiveCfg = Debug|Any CPU
		{1CF57D59-B7C9-43DA-AABE-5F536AC77331}.Debug|Any CPU.Build.0 = Debug|Any CPU
		{1CF57D59-B7C9-43DA-AABE-5F536AC77331}.Release|Any CPU.ActiveCfg = Release|Any CPU
		{1CF57D59-B7C9-43DA-AABE-5F536AC77331}.Release|Any CPU.Build.0 = Release|Any CPU
		{361A43DA-613E-4F1B-8D6B-1BE49B9B2CD8}.Debug|Any CPU.ActiveCfg = Debug|Any CPU
		{361A43DA-613E-4F1B-8D6B-1BE49B9B2CD8}.Debug|Any CPU.Build.0 = Debug|Any CPU
		{361A43DA-613E-4F1B-8D6B-1BE49B9B2CD8}.Release|Any CPU.ActiveCfg = Release|Any CPU
		{361A43DA-613E-4F1B-8D6B-1BE49B9B2CD8}.Release|Any CPU.Build.0 = Release|Any CPU
	EndGlobalSection
	GlobalSection(SolutionProperties) = preSolution
		HideSolutionNode = FALSE
	EndGlobalSection
	GlobalSection(ExtensibilityGlobals) = postSolution
		SolutionGuid = {A198DFFA-3849-40BB-A524-1EB553916C81}
	EndGlobalSection
EndGlobal
